
Microsoft Visual Studio Solution File, Format Version 12.00
# Visual Studio 15
VisualStudioVersion = 15.0.28010.2048
MinimumVisualStudioVersion = 10.0.40219.1
Project("{FAE04EC0-301F-11D3-BF4B-00C04F79EFBC}") = "CustomHelpers", "CustomHelpers\CustomHelpers.csproj", "{F3F5CB0F-973F-42BF-BAE4-5E55A3414411}"
EndProject
Global
	GlobalSection(SolutionConfigurationPlatforms) = preSolution
		Debug|Any CPU = Debug|Any CPU
		Release|Any CPU = Release|Any CPU
	EndGlobalSection
	GlobalSection(ProjectConfigurationPlatforms) = postSolution
		{F3F5CB0F-973F-42BF-BAE4-5E55A3414411}.Debug|Any CPU.ActiveCfg = Debug|Any CPU
		{F3F5CB0F-973F-42BF-BAE4-5E55A3414411}.Debug|Any CPU.Build.0 = Debug|Any CPU
		{F3F5CB0F-973F-42BF-BAE4-5E55A3414411}.Release|Any CPU.ActiveCfg = Release|Any CPU
		{F3F5CB0F-973F-42BF-BAE4-5E55A3414411}.Release|Any CPU.Build.0 = Release|Any CPU
	EndGlobalSection
	GlobalSection(SolutionProperties) = preSolution
		HideSolutionNode = FALSE
	EndGlobalSection
	GlobalSection(ExtensibilityGlobals) = postSolution
		SolutionGuid = {8AA28C69-4DC4-43A8-9565-50E78F29D159}
	EndGlobalSection
EndGlobal
