
Microsoft Visual Studio Solution File, Format Version 12.00
# Visual Studio Version 16
VisualStudioVersion = 16.0.30114.105
MinimumVisualStudioVersion = 10.0.40219.1
Project("{FAE04EC0-301F-11D3-BF4B-00C04F79EFBC}") = "LayoutAuthentication", "LayoutAuthentication\LayoutAuthentication.csproj", "{40DBC7FF-559C-4C79-9810-60F84572E5D6}"
EndProject
Global
	GlobalSection(SolutionConfigurationPlatforms) = preSolution
		Debug|Any CPU = Debug|Any CPU
		Release|Any CPU = Release|Any CPU
	EndGlobalSection
	GlobalSection(ProjectConfigurationPlatforms) = postSolution
		{40DBC7FF-559C-4C79-9810-60F84572E5D6}.Debug|Any CPU.ActiveCfg = Debug|Any CPU
		{40DBC7FF-559C-4C79-9810-60F84572E5D6}.Debug|Any CPU.Build.0 = Debug|Any CPU
		{40DBC7FF-559C-4C79-9810-60F84572E5D6}.Release|Any CPU.ActiveCfg = Release|Any CPU
		{40DBC7FF-559C-4C79-9810-60F84572E5D6}.Release|Any CPU.Build.0 = Release|Any CPU
	EndGlobalSection
	GlobalSection(SolutionProperties) = preSolution
		HideSolutionNode = FALSE
	EndGlobalSection
	GlobalSection(ExtensibilityGlobals) = postSolution
		SolutionGuid = {293B871C-A962-4E45-91FF-F1EB40D47718}
	EndGlobalSection
EndGlobal
